
Microsoft Visual Studio Solution File, Format Version 12.00
Project("{FAE04EC0-301F-11D3-BF4B-00C04F79EFBC}") = "mServer", "mServer\mServer.csproj", "{0D8F281B-7574-4233-8A01-2ACC42368B60}"
EndProject
Project("{FAE04EC0-301F-11D3-BF4B-00C04F79EFBC}") = "Client", "Client\Client.csproj", "{40F78A34-1AE0-4A74-9906-E8B69BB9E0CD}"
EndProject
Global
	GlobalSection(SolutionConfigurationPlatforms) = preSolution
		Debug|Any CPU = Debug|Any CPU
		Release|Any CPU = Release|Any CPU
	EndGlobalSection
	GlobalSection(ProjectConfigurationPlatforms) = postSolution
		{0D8F281B-7574-4233-8A01-2ACC42368B60}.Debug|Any CPU.ActiveCfg = Debug|Any CPU
		{0D8F281B-7574-4233-8A01-2ACC42368B60}.Debug|Any CPU.Build.0 = Debug|Any CPU
		{0D8F281B-7574-4233-8A01-2ACC42368B60}.Release|Any CPU.ActiveCfg = Release|Any CPU
		{0D8F281B-7574-4233-8A01-2ACC42368B60}.Release|Any CPU.Build.0 = Release|Any CPU
		{40F78A34-1AE0-4A74-9906-E8B69BB9E0CD}.Debug|Any CPU.ActiveCfg = Debug|Any CPU
		{40F78A34-1AE0-4A74-9906-E8B69BB9E0CD}.Debug|Any CPU.Build.0 = Debug|Any CPU
		{40F78A34-1AE0-4A74-9906-E8B69BB9E0CD}.Release|Any CPU.ActiveCfg = Release|Any CPU
		{40F78A34-1AE0-4A74-9906-E8B69BB9E0CD}.Release|Any CPU.Build.0 = Release|Any CPU
	EndGlobalSection
EndGlobal
